
Microsoft Visual Studio Solution File, Format Version 12.00
# Visual Studio Version 17
VisualStudioVersion = 17.6.33723.286
MinimumVisualStudioVersion = 10.0.40219.1
Project("{FAE04EC0-301F-11D3-BF4B-00C04F79EFBC}") = "PRG281 Milestone 2", "PRG281 Milestone 2.csproj", "{0AA88B57-713C-4A78-BD6C-3BBA50381FDA}"
EndProject
Global
	GlobalSection(SolutionConfigurationPlatforms) = preSolution
		Debug|Any CPU = Debug|Any CPU
		Release|Any CPU = Release|Any CPU
	EndGlobalSection
	GlobalSection(ProjectConfigurationPlatforms) = postSolution
		{0AA88B57-713C-4A78-BD6C-3BBA50381FDA}.Debug|Any CPU.ActiveCfg = Debug|Any CPU
		{0AA88B57-713C-4A78-BD6C-3BBA50381FDA}.Debug|Any CPU.Build.0 = Debug|Any CPU
		{0AA88B57-713C-4A78-BD6C-3BBA50381FDA}.Release|Any CPU.ActiveCfg = Release|Any CPU
		{0AA88B57-713C-4A78-BD6C-3BBA50381FDA}.Release|Any CPU.Build.0 = Release|Any CPU
	EndGlobalSection
	GlobalSection(SolutionProperties) = preSolution
		HideSolutionNode = FALSE
	EndGlobalSection
	GlobalSection(ExtensibilityGlobals) = postSolution
		SolutionGuid = {849612EF-F09B-45A9-B93A-5AD90EC2D278}
	EndGlobalSection
EndGlobal
